
Microsoft Visual Studio Solution File, Format Version 12.00
# Visual Studio Version 17
VisualStudioVersion = 17.3.32901.215
MinimumVisualStudioVersion = 10.0.40219.1
Project("{FAE04EC0-301F-11D3-BF4B-00C04F79EFBC}") = "PROG201CraftDemo", "PROG201CraftDemo\PROG201CraftDemo.csproj", "{05346020-BDB2-4450-B944-458B0932B701}"
EndProject
Global
	GlobalSection(SolutionConfigurationPlatforms) = preSolution
		Debug|Any CPU = Debug|Any CPU
		Release|Any CPU = Release|Any CPU
	EndGlobalSection
	GlobalSection(ProjectConfigurationPlatforms) = postSolution
		{05346020-BDB2-4450-B944-458B0932B701}.Debug|Any CPU.ActiveCfg = Debug|Any CPU
		{05346020-BDB2-4450-B944-458B0932B701}.Debug|Any CPU.Build.0 = Debug|Any CPU
		{05346020-BDB2-4450-B944-458B0932B701}.Release|Any CPU.ActiveCfg = Release|Any CPU
		{05346020-BDB2-4450-B944-458B0932B701}.Release|Any CPU.Build.0 = Release|Any CPU
	EndGlobalSection
	GlobalSection(SolutionProperties) = preSolution
		HideSolutionNode = FALSE
	EndGlobalSection
	GlobalSection(ExtensibilityGlobals) = postSolution
		SolutionGuid = {E36D0259-E38F-4A31-8D7C-05CF371FA8F9}
	EndGlobalSection
EndGlobal
